Microsoft Visual Studio Solution File, Format Version 12.00
# Visual Studio Version 17
VisualStudioVersion = 17.5.2.0
MinimumVisualStudioVersion = 10.0.40219.1
Project("{FAE04EC0-301F-11D3-BF4B-00C04F79EFBC}") = "smartStock", "smartStock.csproj", "{F9F495E7-3A5E-0EE0-8E49-6108D92F4834}"
EndProject
Global
	GlobalSection(SolutionConfigurationPlatforms) = preSolution
		Debug|Any CPU = Debug|Any CPU
		Release|Any CPU = Release|Any CPU
	EndGlobalSection
	GlobalSection(ProjectConfigurationPlatforms) = postSolution
		{F9F495E7-3A5E-0EE0-8E49-6108D92F4834}.Debug|Any CPU.ActiveCfg = Debug|Any CPU
		{F9F495E7-3A5E-0EE0-8E49-6108D92F4834}.Debug|Any CPU.Build.0 = Debug|Any CPU
		{F9F495E7-3A5E-0EE0-8E49-6108D92F4834}.Release|Any CPU.ActiveCfg = Release|Any CPU
		{F9F495E7-3A5E-0EE0-8E49-6108D92F4834}.Release|Any CPU.Build.0 = Release|Any CPU
	EndGlobalSection
	GlobalSection(SolutionProperties) = preSolution
		HideSolutionNode = FALSE
	EndGlobalSection
	GlobalSection(ExtensibilityGlobals) = postSolution
		SolutionGuid = {08A95FB0-FB18-4281-8711-D61DCF08DB53}
	EndGlobalSection
EndGlobal
